
Microsoft Visual Studio Solution File, Format Version 12.00
# Visual Studio 14
VisualStudioVersion = 14.0.25420.1
MinimumVisualStudioVersion = 10.0.40219.1
Project("{FAE04EC0-301F-11D3-BF4B-00C04F79EFBC}") = "MyWebSit", "MyWebSit\MyWebSit.csproj", "{F5A43D92-0200-4371-B5CB-A40F1E7DE4AF}"
EndProject
Project("{FAE04EC0-301F-11D3-BF4B-00C04F79EFBC}") = "Common", "Common\Common.csproj", "{9510F8A5-3FCD-4073-9A11-75B804D6E25D}"
EndProject
Project("{FAE04EC0-301F-11D3-BF4B-00C04F79EFBC}") = "BLL", "BLL\BLL.csproj", "{8284EDAD-2973-4415-87BB-7CFA2D2B21B8}"
EndProject
Project("{FAE04EC0-301F-11D3-BF4B-00C04F79EFBC}") = "DAL", "DAL\DAL.csproj", "{EB38F086-EEA2-4419-942A-5782CEEABB5A}"
EndProject
Project("{FAE04EC0-301F-11D3-BF4B-00C04F79EFBC}") = "Model", "Model\Model.csproj", "{E0B55545-7826-416B-992A-221166A364E0}"
EndProject
Project("{FAE04EC0-301F-11D3-BF4B-00C04F79EFBC}") = "NHibernate", "NHibernate\NHibernate.csproj", "{E4DF3B1F-0205-42D2-AD24-41C0884EF731}"
EndProject
Project("{FAE04EC0-301F-11D3-BF4B-00C04F79EFBC}") = "MyWebSiteTest", "MyWebSiteTest\MyWebSiteTest.csproj", "{0E333533-C25B-47AF-A815-29B1FFB6BF4C}"
EndProject
Global
	GlobalSection(SolutionConfigurationPlatforms) = preSolution
		Debug|Any CPU = Debug|Any CPU
		Release|Any CPU = Release|Any CPU
	EndGlobalSection
	GlobalSection(ProjectConfigurationPlatforms) = postSolution
		{F5A43D92-0200-4371-B5CB-A40F1E7DE4AF}.Debug|Any CPU.ActiveCfg = Debug|Any CPU
		{F5A43D92-0200-4371-B5CB-A40F1E7DE4AF}.Debug|Any CPU.Build.0 = Debug|Any CPU
		{F5A43D92-0200-4371-B5CB-A40F1E7DE4AF}.Release|Any CPU.ActiveCfg = Release|Any CPU
		{F5A43D92-0200-4371-B5CB-A40F1E7DE4AF}.Release|Any CPU.Build.0 = Release|Any CPU
		{9510F8A5-3FCD-4073-9A11-75B804D6E25D}.Debug|Any CPU.ActiveCfg = Debug|Any CPU
		{9510F8A5-3FCD-4073-9A11-75B804D6E25D}.Debug|Any CPU.Build.0 = Debug|Any CPU
		{9510F8A5-3FCD-4073-9A11-75B804D6E25D}.Release|Any CPU.ActiveCfg = Release|Any CPU
		{9510F8A5-3FCD-4073-9A11-75B804D6E25D}.Release|Any CPU.Build.0 = Release|Any CPU
		{8284EDAD-2973-4415-87BB-7CFA2D2B21B8}.Debug|Any CPU.ActiveCfg = Debug|Any CPU
		{8284EDAD-2973-4415-87BB-7CFA2D2B21B8}.Debug|Any CPU.Build.0 = Debug|Any CPU
		{8284EDAD-2973-4415-87BB-7CFA2D2B21B8}.Release|Any CPU.ActiveCfg = Release|Any CPU
		{8284EDAD-2973-4415-87BB-7CFA2D2B21B8}.Release|Any CPU.Build.0 = Release|Any CPU
		{EB38F086-EEA2-4419-942A-5782CEEABB5A}.Debug|Any CPU.ActiveCfg = Debug|Any CPU
		{EB38F086-EEA2-4419-942A-5782CEEABB5A}.Debug|Any CPU.Build.0 = Debug|Any CPU
		{EB38F086-EEA2-4419-942A-5782CEEABB5A}.Release|Any CPU.ActiveCfg = Release|Any CPU
		{EB38F086-EEA2-4419-942A-5782CEEABB5A}.Release|Any CPU.Build.0 = Release|Any CPU
		{E0B55545-7826-416B-992A-221166A364E0}.Debug|Any CPU.ActiveCfg = Debug|Any CPU
		{E0B55545-7826-416B-992A-221166A364E0}.Debug|Any CPU.Build.0 = Debug|Any CPU
		{E0B55545-7826-416B-992A-221166A364E0}.Release|Any CPU.ActiveCfg = Release|Any CPU
		{E0B55545-7826-416B-992A-221166A364E0}.Release|Any CPU.Build.0 = Release|Any CPU
		{E4DF3B1F-0205-42D2-AD24-41C0884EF731}.Debug|Any CPU.ActiveCfg = Debug|Any CPU
		{E4DF3B1F-0205-42D2-AD24-41C0884EF731}.Debug|Any CPU.Build.0 = Debug|Any CPU
		{E4DF3B1F-0205-42D2-AD24-41C0884EF731}.Release|Any CPU.ActiveCfg = Release|Any CPU
		{E4DF3B1F-0205-42D2-AD24-41C0884EF731}.Release|Any CPU.Build.0 = Release|Any CPU
		{0E333533-C25B-47AF-A815-29B1FFB6BF4C}.Debug|Any CPU.ActiveCfg = Debug|Any CPU
		{0E333533-C25B-47AF-A815-29B1FFB6BF4C}.Debug|Any CPU.Build.0 = Debug|Any CPU
		{0E333533-C25B-47AF-A815-29B1FFB6BF4C}.Release|Any CPU.ActiveCfg = Release|Any CPU
		{0E333533-C25B-47AF-A815-29B1FFB6BF4C}.Release|Any CPU.Build.0 = Release|Any CPU
	EndGlobalSection
	GlobalSection(SolutionProperties) = preSolution
		HideSolutionNode = FALSE
	EndGlobalSection
EndGlobal
