
Microsoft Visual Studio Solution File, Format Version 12.00
# Visual Studio 15
VisualStudioVersion = 15.0.26228.4
MinimumVisualStudioVersion = 10.0.40219.1
Project("{FAE04EC0-301F-11D3-BF4B-00C04F79EFBC}") = "MyWebSit", "MyWebSit\MyWebSit.csproj", "{F5A43D92-0200-4371-B5CB-A40F1E7DE4AF}"
EndProject
Project("{FAE04EC0-301F-11D3-BF4B-00C04F79EFBC}") = "Common", "Common\Common.csproj", "{9510F8A5-3FCD-4073-9A11-75B804D6E25D}"
EndProject
Global
	GlobalSection(SolutionConfigurationPlatforms) = preSolution
		Debug|Any CPU = Debug|Any CPU
		Release|Any CPU = Release|Any CPU
	EndGlobalSection
	GlobalSection(ProjectConfigurationPlatforms) = postSolution
		{F5A43D92-0200-4371-B5CB-A40F1E7DE4AF}.Debug|Any CPU.ActiveCfg = Debug|Any CPU
		{F5A43D92-0200-4371-B5CB-A40F1E7DE4AF}.Debug|Any CPU.Build.0 = Debug|Any CPU
		{F5A43D92-0200-4371-B5CB-A40F1E7DE4AF}.Release|Any CPU.ActiveCfg = Release|Any CPU
		{F5A43D92-0200-4371-B5CB-A40F1E7DE4AF}.Release|Any CPU.Build.0 = Release|Any CPU
		{9510F8A5-3FCD-4073-9A11-75B804D6E25D}.Debug|Any CPU.ActiveCfg = Debug|Any CPU
		{9510F8A5-3FCD-4073-9A11-75B804D6E25D}.Debug|Any CPU.Build.0 = Debug|Any CPU
		{9510F8A5-3FCD-4073-9A11-75B804D6E25D}.Release|Any CPU.ActiveCfg = Release|Any CPU
		{9510F8A5-3FCD-4073-9A11-75B804D6E25D}.Release|Any CPU.Build.0 = Release|Any CPU
	EndGlobalSection
	GlobalSection(SolutionProperties) = preSolution
		HideSolutionNode = FALSE
	EndGlobalSection
EndGlobal
